
Microsoft Visual Studio Solution File, Format Version 12.00
# Visual Studio 15
VisualStudioVersion = 15.0.28307.852
MinimumVisualStudioVersion = 10.0.40219.1
Project("{FAE04EC0-301F-11D3-BF4B-00C04F79EFBC}") = "ConsoleApp3", "ConsoleApp3\ConsoleApp3.csproj", "{18A4F5C6-AFBC-418B-8D04-627E87AB082F}"
EndProject
Global
	GlobalSection(SolutionConfigurationPlatforms) = preSolution
		Debug|Any CPU = Debug|Any CPU
		Release|Any CPU = Release|Any CPU
	EndGlobalSection
	GlobalSection(ProjectConfigurationPlatforms) = postSolution
		{18A4F5C6-AFBC-418B-8D04-627E87AB082F}.Debug|Any CPU.ActiveCfg = Debug|Any CPU
		{18A4F5C6-AFBC-418B-8D04-627E87AB082F}.Debug|Any CPU.Build.0 = Debug|Any CPU
		{18A4F5C6-AFBC-418B-8D04-627E87AB082F}.Release|Any CPU.ActiveCfg = Release|Any CPU
		{18A4F5C6-AFBC-418B-8D04-627E87AB082F}.Release|Any CPU.Build.0 = Release|Any CPU
	EndGlobalSection
	GlobalSection(SolutionProperties) = preSolution
		HideSolutionNode = FALSE
	EndGlobalSection
	GlobalSection(ExtensibilityGlobals) = postSolution
		SolutionGuid = {A2157435-AD3F-4FF5-91D7-30AFB3BA8305}
	EndGlobalSection
EndGlobal
