
Microsoft Visual Studio Solution File, Format Version 12.00
# Visual Studio 15
VisualStudioVersion = 15.0.28307.852
MinimumVisualStudioVersion = 10.0.40219.1
Project("{FAE04EC0-301F-11D3-BF4B-00C04F79EFBC}") = "ConsoleApp5", "ConsoleApp5\ConsoleApp5.csproj", "{217771B4-34C0-4B04-AF3E-3C5F8C5C97EC}"
EndProject
Global
	GlobalSection(SolutionConfigurationPlatforms) = preSolution
		Debug|Any CPU = Debug|Any CPU
		Release|Any CPU = Release|Any CPU
	EndGlobalSection
	GlobalSection(ProjectConfigurationPlatforms) = postSolution
		{217771B4-34C0-4B04-AF3E-3C5F8C5C97EC}.Debug|Any CPU.ActiveCfg = Debug|Any CPU
		{217771B4-34C0-4B04-AF3E-3C5F8C5C97EC}.Debug|Any CPU.Build.0 = Debug|Any CPU
		{217771B4-34C0-4B04-AF3E-3C5F8C5C97EC}.Release|Any CPU.ActiveCfg = Release|Any CPU
		{217771B4-34C0-4B04-AF3E-3C5F8C5C97EC}.Release|Any CPU.Build.0 = Release|Any CPU
	EndGlobalSection
	GlobalSection(SolutionProperties) = preSolution
		HideSolutionNode = FALSE
	EndGlobalSection
	GlobalSection(ExtensibilityGlobals) = postSolution
		SolutionGuid = {C84CE152-6F1F-49A9-B398-D97855B495D7}
	EndGlobalSection
EndGlobal
