
Microsoft Visual Studio Solution File, Format Version 12.00
# Visual Studio 15
VisualStudioVersion = 15.0.28307.572
MinimumVisualStudioVersion = 10.0.40219.1
Project("{FAE04EC0-301F-11D3-BF4B-00C04F79EFBC}") = "ConsoleApp3", "ConsoleApp3\ConsoleApp3.csproj", "{580A50BC-87B5-48EF-9709-E9E4D7CBBE70}"
EndProject
Global
	GlobalSection(SolutionConfigurationPlatforms) = preSolution
		Debug|Any CPU = Debug|Any CPU
		Release|Any CPU = Release|Any CPU
	EndGlobalSection
	GlobalSection(ProjectConfigurationPlatforms) = postSolution
		{580A50BC-87B5-48EF-9709-E9E4D7CBBE70}.Debug|Any CPU.ActiveCfg = Debug|Any CPU
		{580A50BC-87B5-48EF-9709-E9E4D7CBBE70}.Debug|Any CPU.Build.0 = Debug|Any CPU
		{580A50BC-87B5-48EF-9709-E9E4D7CBBE70}.Release|Any CPU.ActiveCfg = Release|Any CPU
		{580A50BC-87B5-48EF-9709-E9E4D7CBBE70}.Release|Any CPU.Build.0 = Release|Any CPU
	EndGlobalSection
	GlobalSection(SolutionProperties) = preSolution
		HideSolutionNode = FALSE
	EndGlobalSection
	GlobalSection(ExtensibilityGlobals) = postSolution
		SolutionGuid = {E1F2199D-A24E-4DA6-BF06-7DB54424318D}
	EndGlobalSection
EndGlobal
