
Microsoft Visual Studio Solution File, Format Version 12.00
# Visual Studio 15
VisualStudioVersion = 15.0.28307.852
MinimumVisualStudioVersion = 10.0.40219.1
Project("{FAE04EC0-301F-11D3-BF4B-00C04F79EFBC}") = "ConsoleApp5", "ConsoleApp5\ConsoleApp5.csproj", "{8E6D5F0C-48D5-4665-8E51-169F5E806442}"
EndProject
Global
	GlobalSection(SolutionConfigurationPlatforms) = preSolution
		Debug|Any CPU = Debug|Any CPU
		Release|Any CPU = Release|Any CPU
	EndGlobalSection
	GlobalSection(ProjectConfigurationPlatforms) = postSolution
		{8E6D5F0C-48D5-4665-8E51-169F5E806442}.Debug|Any CPU.ActiveCfg = Debug|Any CPU
		{8E6D5F0C-48D5-4665-8E51-169F5E806442}.Debug|Any CPU.Build.0 = Debug|Any CPU
		{8E6D5F0C-48D5-4665-8E51-169F5E806442}.Release|Any CPU.ActiveCfg = Release|Any CPU
		{8E6D5F0C-48D5-4665-8E51-169F5E806442}.Release|Any CPU.Build.0 = Release|Any CPU
	EndGlobalSection
	GlobalSection(SolutionProperties) = preSolution
		HideSolutionNode = FALSE
	EndGlobalSection
	GlobalSection(ExtensibilityGlobals) = postSolution
		SolutionGuid = {AAF34C57-1AF5-4D7B-8A12-874AB605076A}
	EndGlobalSection
EndGlobal
